github.com/MicahParks/keyfunc v1.0.3 h1:rKakzF/Gd2QjFPCqSG9SshrWs0oRZffc/c4pVjCXDr0=
github.com/MicahParks/keyfunc v1.0.3/go.mod h1:R8RZa27qn+5cHTfYLJ9/+7aSb5JIdz7cl0XFo0o4muo=
github.com/golang-jwt/jwt/v4 v4.1.0 h1:XUgk2Ex5veyVFVeLm0xhusUTQybEbexJXrvPNOKkSY0=
github.com/golang-jwt/jwt/v4 v4.1.0/go.mod h1:/xlHOz8bRuivTWchD4jCa+NbatV+wEUSzwAxVc6locg=
github.com/google/uuid v1.3.0 h1:t6JiXgmwXMjEs8VusXIJk2BXHsn+wx8BZdTaoZ5fu7I=
github.com/google/uuid v1.3.0/go.mod h1:TIyPZe4MgqvfeYDBFedMoGGpEw/LqOeaOT+nhxU+yHo=
github.com/rs/cors v1.8.2 h1:KCooALfAYGs415Cwu5ABvv9n9509fSiG5SQJn/AQo4U=
github.com/rs/cors v1.8.2/go.mod h1:XyqrcTp5zjWr1wsJ8PIRZssZ8b/WMcMf71DJnit4EMU=
